// !$*UTF8*$!
{
	archiveVersion = 1;
	classes = {
	};
	objectVersion = 50;
	objects = {

/* Begin PBXBuildFile section */
		610859AD23826EBF0043291F /* module-logo-app-calculator.png in Resources */ = {isa = PBXBuildFile; fileRef = 610859AC23826EBF0043291F /* module-logo-app-calculator.png */; };
		61E2A3F5237E6EBA004F277A /* AppDelegate.m in Sources */ = {isa = PBXBuildFile; fileRef = 61E2A3F4237E6EBA004F277A /* AppDelegate.m */; };
		61E2A3FB237E6EBA004F277A /* CalculatorView.m in Sources */ = {isa = PBXBuildFile; fileRef = 61E2A3FA237E6EBA004F277A /* CalculatorView.m */; };
		61E2A3FE237E6EBA004F277A /* Main.storyboard in Resources */ = {isa = PBXBuildFile; fileRef = 61E2A3FC237E6EBA004F277A /* Main.storyboard */; };
		61E2A400237E6EBD004F277A /* Assets.xcassets in Resources */ = {isa = PBXBuildFile; fileRef = 61E2A3FF237E6EBD004F277A /* Assets.xcassets */; };
		61E2A403237E6EBD004F277A /* LaunchScreen.storyboard in Resources */ = {isa = PBXBuildFile; fileRef = 61E2A401237E6EBD004F277A /* LaunchScreen.storyboard */; };
		61E2A406237E6EBD004F277A /* main.m in Sources */ = {isa = PBXBuildFile; fileRef = 61E2A405237E6EBD004F277A /* main.m */; };
/* End PBXBuildFile section */

/* Begin PBXFileReference section */
		610859AC23826EBF0043291F /* module-logo-app-calculator.png */ = {isa = PBXFileReference; lastKnownFileType = image.png; path = "module-logo-app-calculator.png"; sourceTree = "<group>"; };
		61E2A3F0237E6EBA004F277A /* Calculator-ios.app */ = {isa = PBXFileReference; explicitFileType = wrapper.application; includeInIndex = 0; path = "Calculator-ios.app"; sourceTree = BUILT_PRODUCTS_DIR; };
		61E2A3F3237E6EBA004F277A /* AppDelegate.h */ = {isa = PBXFileReference; lastKnownFileType = sourcecode.c.h; path = AppDelegate.h; sourceTree = "<group>"; };
		61E2A3F4237E6EBA004F277A /* AppDelegate.m */ = {isa = PBXFileReference; lastKnownFileType = sourcecode.c.objc; path = AppDelegate.m; sourceTree = "<group>"; };
		61E2A3F9237E6EBA004F277A /* CalculatorView.h */ = {isa = PBXFileReference; lastKnownFileType = sourcecode.c.h; path = CalculatorView.h; sourceTree = "<group>"; };
		61E2A3FA237E6EBA004F277A /* CalculatorView.m */ = {isa = PBXFileReference; lastKnownFileType = sourcecode.c.objc; path = CalculatorView.m; sourceTree = "<group>"; };
		61E2A3FD237E6EBA004F277A /* Base */ = {isa = PBXFileReference; lastKnownFileType = file.storyboard; name = Base; path = Base.lproj/Main.storyboard; sourceTree = "<group>"; };
		61E2A3FF237E6EBD004F277A /* Assets.xcassets */ = {isa = PBXFileReference; lastKnownFileType = folder.assetcatalog; path = Assets.xcassets; sourceTree = "<group>"; };
		61E2A402237E6EBD004F277A /* Base */ = {isa = PBXFileReference; lastKnownFileType = file.storyboard; name = Base; path = Base.lproj/LaunchScreen.storyboard; sourceTree = "<group>"; };
		61E2A404237E6EBD004F277A /* Info.plist */ = {isa = PBXFileReference; lastKnownFileType = text.plist.xml; path = Info.plist; sourceTree = "<group>"; };
		61E2A405237E6EBD004F277A /* main.m */ = {isa = PBXFileReference; lastKnownFileType = sourcecode.c.objc; path = main.m; sourceTree = "<group>"; };
/* End PBXFileReference section */

/* Begin PBXFrameworksBuildPhase section */
		61E2A3ED237E6EBA004F277A /* Frameworks */ = {
			isa = PBXFrameworksBuildPhase;
			buildActionMask = 2147483647;
			files = (
			);
			runOnlyForDeploymentPostprocessing = 0;
		};
/* End PBXFrameworksBuildPhase section */

/* Begin PBXGroup section */
		610859AA23826DE50043291F /* images */ = {
			isa = PBXGroup;
			children = (
				610859AC23826EBF0043291F /* module-logo-app-calculator.png */,
			);
			path = images;
			sourceTree = "<group>";
		};
		61E2A3E7237E6EBA004F277A = {
			isa = PBXGroup;
			children = (
				610859AA23826DE50043291F /* images */,
				61E2A3F2237E6EBA004F277A /* Calculator-ios */,
				61E2A3F1237E6EBA004F277A /* Products */,
			);
			sourceTree = "<group>";
		};
		61E2A3F1237E6EBA004F277A /* Products */ = {
			isa = PBXGroup;
			children = (
				61E2A3F0237E6EBA004F277A /* Calculator-ios.app */,
			);
			name = Products;
			sourceTree = "<group>";
		};
		61E2A3F2237E6EBA004F277A /* Calculator-ios */ = {
			isa = PBXGroup;
			children = (
				61E2A40D237E71D7004F277A /* Views */,
				61E2A40C237E6F20004F277A /* AppDelegate */,
				61E2A3FC237E6EBA004F277A /* Main.storyboard */,
				61E2A3FF237E6EBD004F277A /* Assets.xcassets */,
				61E2A401237E6EBD004F277A /* LaunchScreen.storyboard */,
				61E2A404237E6EBD004F277A /* Info.plist */,
				61E2A405237E6EBD004F277A /* main.m */,
			);
			path = "Calculator-ios";
			sourceTree = "<group>";
		};
		61E2A40C237E6F20004F277A /* AppDelegate */ = {
			isa = PBXGroup;
			children = (
				61E2A3F3237E6EBA004F277A /* AppDelegate.h */,
				61E2A3F4237E6EBA004F277A /* AppDelegate.m */,
			);
			path = AppDelegate;
			sourceTree = "<group>";
		};
		61E2A40D237E71D7004F277A /* Views */ = {
			isa = PBXGroup;
			children = (
				61E2A3F9237E6EBA004F277A /* CalculatorView.h */,
				61E2A3FA237E6EBA004F277A /* CalculatorView.m */,
			);
			path = Views;
			sourceTree = "<group>";
		};
/* End PBXGroup section */

/* Begin PBXNativeTarget section */
		61E2A3EF237E6EBA004F277A /* Calculator-ios */ = {
			isa = PBXNativeTarget;
			buildConfigurationList = 61E2A409237E6EBD004F277A /* Build configuration list for PBXNativeTarget "Calculator-ios" */;
			buildPhases = (
				61E2A3EC237E6EBA004F277A /* Sources */,
				61E2A3ED237E6EBA004F277A /* Frameworks */,
				61E2A3EE237E6EBA004F277A /* Resources */,
			);
			buildRules = (
			);
			dependencies = (
			);
			name = "Calculator-ios";
			productName = "Calculator-ios";
			productReference = 61E2A3F0237E6EBA004F277A /* Calculator-ios.app */;
			productType = "com.apple.product-type.application";
		};
/* End PBXNativeTarget section */

/* Begin PBXProject section */
		61E2A3E8237E6EBA004F277A /* Project object */ = {
			isa = PBXProject;
			attributes = {
				LastUpgradeCheck = 1120;
				ORGANIZATIONNAME = fz500net;
				TargetAttributes = {
					61E2A3EF237E6EBA004F277A = {
						CreatedOnToolsVersion = 11.2;
					};
				};
			};
			buildConfigurationList = 61E2A3EB237E6EBA004F277A /* Build configuration list for PBXProject "Calculator-ios" */;
			compatibilityVersion = "Xcode 9.3";
			developmentRegion = en;
			hasScannedForEncodings = 0;
			knownRegions = (
				en,
				Base,
			);
			mainGroup = 61E2A3E7237E6EBA004F277A;
			productRefGroup = 61E2A3F1237E6EBA004F277A /* Products */;
			projectDirPath = "";
			projectRoot = "";
			targets = (
				61E2A3EF237E6EBA004F277A /* Calculator-ios */,
			);
		};
/* End PBXProject section */

/* Begin PBXResourcesBuildPhase section */
		61E2A3EE237E6EBA004F277A /* Resources */ = {
			isa = PBXResourcesBuildPhase;
			buildActionMask = 2147483647;
			files = (
				61E2A403237E6EBD004F277A /* LaunchScreen.storyboard in Resources */,
				61E2A400237E6EBD004F277A /* Assets.xcassets in Resources */,
				610859AD23826EBF0043291F /* module-logo-app-calculator.png in Resources */,
				61E2A3FE237E6EBA004F277A /* Main.storyboard in Resources */,
			);
			runOnlyForDeploymentPostprocessing = 0;
		};
/* End PBXResourcesBuildPhase section */

/* Begin PBXSourcesBuildPhase section */
		61E2A3EC237E6EBA004F277A /* Sources */ = {
			isa = PBXSourcesBuildPhase;
			buildActionMask = 2147483647;
			files = (
				61E2A3FB237E6EBA004F277A /* CalculatorView.m in Sources */,
				61E2A3F5237E6EBA004F277A /* AppDelegate.m in Sources */,
				61E2A406237E6EBD004F277A /* main.m in Sources */,
			);
			runOnlyForDeploymentPostprocessing = 0;
		};
/* End PBXSourcesBuildPhase section */

/* Begin PBXVariantGroup section */
		61E2A3FC237E6EBA004F277A /* Main.storyboard */ = {
			isa = PBXVariantGroup;
			children = (
				61E2A3FD237E6EBA004F277A /* Base */,
			);
			name = Main.storyboard;
			sourceTree = "<group>";
		};
		61E2A401237E6EBD004F277A /* LaunchScreen.storyboard */ = {
			isa = PBXVariantGroup;
			children = (
				61E2A402237E6EBD004F277A /* Base */,
			);
			name = LaunchScreen.storyboard;
			sourceTree = "<group>";
		};
/* End PBXVariantGroup section */

/* Begin XCBuildConfiguration section */
		61E2A407237E6EBD004F277A /* Debug */ = {
			isa = XCBuildConfiguration;
			buildSettings = {
				ALWAYS_SEARCH_USER_PATHS = NO;
				CLANG_ANALYZER_NONNULL = YES;
				CLANG_ANALYZER_NUMBER_OBJECT_CONVERSION = YES_AGGRESSIVE;
				CLANG_CXX_LANGUAGE_STANDARD = "gnu++14";
				CLANG_CXX_LIBRARY = "libc++";
				CLANG_ENABLE_MODULES = YES;
				CLANG_ENABLE_OBJC_ARC = YES;
				CLANG_ENABLE_OBJC_WEAK = YES;
				CLANG_WARN_BLOCK_CAPTURE_AUTORELEASING = YES;
				CLANG_WARN_BOOL_CONVERSION = YES;
				CLANG_WARN_COMMA = YES;
				CLANG_WARN_CONSTANT_CONVERSION = YES;
				CLANG_WARN_DEPRECATED_OBJC_IMPLEMENTATIONS = YES;
				CLANG_WARN_DIRECT_OBJC_ISA_USAGE = YES_ERROR;
				CLANG_WARN_DOCUMENTATION_COMMENTS = YES;
				CLANG_WARN_EMPTY_BODY = YES;
				CLANG_WARN_ENUM_CONVERSION = YES;
				CLANG_WARN_INFINITE_RECURSION = YES;
				CLANG_WARN_INT_CONVERSION = YES;
				CLANG_WARN_NON_LITERAL_NULL_CONVERSION = YES;
				CLANG_WARN_OBJC_IMPLICIT_RETAIN_SELF = YES;
				CLANG_WARN_OBJC_LITERAL_CONVERSION = YES;
				CLANG_WARN_OBJC_ROOT_CLASS = YES_ERROR;
				CLANG_WARN_RANGE_LOOP_ANALYSIS = YES;
				CLANG_WARN_STRICT_PROTOTYPES = YES;
				CLANG_WARN_SUSPICIOUS_MOVE = YES;
				CLANG_WARN_UNGUARDED_AVAILABILITY = YES_AGGRESSIVE;
				CLANG_WARN_UNREACHABLE_CODE = YES;
				CLANG_WARN__DUPLICATE_METHOD_MATCH = YES;
				COPY_PHASE_STRIP = NO;
				DEBUG_INFORMATION_FORMAT = dwarf;
				ENABLE_STRICT_OBJC_MSGSEND = YES;
				ENABLE_TESTABILITY = YES;
				GCC_C_LANGUAGE_STANDARD = gnu11;
				GCC_DYNAMIC_NO_PIC = NO;
				GCC_NO_COMMON_BLOCKS = YES;
				GCC_OPTIMIZATION_LEVEL = 0;
				GCC_PREPROCESSOR_DEFINITIONS = (
					"DEBUG=1",
					"$(inherited)",
				);
				GCC_WARN_64_TO_32_BIT_CONVERSION = YES;
				GCC_WARN_ABOUT_RETURN_TYPE = YES_ERROR;
				GCC_WARN_UNDECLARED_SELECTOR = YES;
				GCC_WARN_UNINITIALIZED_AUTOS = YES_AGGRESSIVE;
				GCC_WARN_UNUSED_FUNCTION = YES;
				GCC_WARN_UNUSED_VARIABLE = YES;
				IPHONEOS_DEPLOYMENT_TARGET = 13.2;
				MTL_ENABLE_DEBUG_INFO = INCLUDE_SOURCE;
				MTL_FAST_MATH = YES;
				ONLY_ACTIVE_ARCH = YES;
				SDKROOT = iphoneos;
			};
			name = Debug;
		};
		61E2A408237E6EBD004F277A /* Release */ = {
			isa = XCBuildConfiguration;
			buildSettings = {
				ALWAYS_SEARCH_USER_PATHS = NO;
				CLANG_ANALYZER_NONNULL = YES;
				CLANG_ANALYZER_NUMBER_OBJECT_CONVERSION = YES_AGGRESSIVE;
				CLANG_CXX_LANGUAGE_STANDARD = "gnu++14";
				CLANG_CXX_LIBRARY = "libc++";
				CLANG_ENABLE_MODULES = YES;
				CLANG_ENABLE_OBJC_ARC = YES;
				CLANG_ENABLE_OBJC_WEAK = YES;
				CLANG_WARN_BLOCK_CAPTURE_AUTORELEASING = YES;
				CLANG_WARN_BOOL_CONVERSION = YES;
				CLANG_WARN_COMMA = YES;
				CLANG_WARN_CONSTANT_CONVERSION = YES;
				CLANG_WARN_DEPRECATED_OBJC_IMPLEMENTATIONS = YES;
				CLANG_WARN_DIRECT_OBJC_ISA_USAGE = YES_ERROR;
				CLANG_WARN_DOCUMENTATION_COMMENTS = YES;
				CLANG_WARN_EMPTY_BODY = YES;
				CLANG_WARN_ENUM_CONVERSION = YES;
				CLANG_WARN_INFINITE_RECURSION = YES;
				CLANG_WARN_INT_CONVERSION = YES;
				CLANG_WARN_NON_LITERAL_NULL_CONVERSION = YES;
				CLANG_WARN_OBJC_IMPLICIT_RETAIN_SELF = YES;
				CLANG_WARN_OBJC_LITERAL_CONVERSION = YES;
				CLANG_WARN_OBJC_ROOT_CLASS = YES_ERROR;
				CLANG_WARN_RANGE_LOOP_ANALYSIS = YES;
				CLANG_WARN_STRICT_PROTOTYPES = YES;
				CLANG_WARN_SUSPICIOUS_MOVE = YES;
				CLANG_WARN_UNGUARDED_AVAILABILITY = YES_AGGRESSIVE;
				CLANG_WARN_UNREACHABLE_CODE = YES;
				CLANG_WARN__DUPLICATE_METHOD_MATCH = YES;
				COPY_PHASE_STRIP = NO;
				DEBUG_INFORMATION_FORMAT = "dwarf-with-dsym";
				ENABLE_NS_ASSERTIONS = NO;
				ENABLE_STRICT_OBJC_MSGSEND = YES;
				GCC_C_LANGUAGE_STANDARD = gnu11;
				GCC_NO_COMMON_BLOCKS = YES;
				GCC_WARN_64_TO_32_BIT_CONVERSION = YES;
				GCC_WARN_ABOUT_RETURN_TYPE = YES_ERROR;
				GCC_WARN_UNDECLARED_SELECTOR = YES;
				GCC_WARN_UNINITIALIZED_AUTOS = YES_AGGRESSIVE;
				GCC_WARN_UNUSED_FUNCTION = YES;
				GCC_WARN_UNUSED_VARIABLE = YES;
				IPHONEOS_DEPLOYMENT_TARGET = 13.2;
				MTL_ENABLE_DEBUG_INFO = NO;
				MTL_FAST_MATH = YES;
				SDKROOT = iphoneos;
				VALIDATE_PRODUCT = YES;
			};
			name = Release;
		};
		61E2A40A237E6EBD004F277A /* Debug */ = {
			isa = XCBuildConfiguration;
			buildSettings = {
				ASSETCATALOG_COMPILER_APPICON_NAME = AppIcon;
				CODE_SIGN_STYLE = Automatic;
				INFOPLIST_FILE = "Calculator-ios/Info.plist";
				IPHONEOS_DEPLOYMENT_TARGET = 8.0;
				LD_RUNPATH_SEARCH_PATHS = (
					"$(inherited)",
					"@executable_path/Frameworks",
				);
				PRODUCT_BUNDLE_IDENTIFIER = "com.Calculator-ios";
				PRODUCT_NAME = "$(TARGET_NAME)";
				TARGETED_DEVICE_FAMILY = "1,2";
			};
			name = Debug;
		};
		61E2A40B237E6EBD004F277A /* Release */ = {
			isa = XCBuildConfiguration;
			buildSettings = {
				ASSETCATALOG_COMPILER_APPICON_NAME = AppIcon;
				CODE_SIGN_STYLE = Automatic;
				INFOPLIST_FILE = "Calculator-ios/Info.plist";
				IPHONEOS_DEPLOYMENT_TARGET = 8.0;
				LD_RUNPATH_SEARCH_PATHS = (
					"$(inherited)",
					"@executable_path/Frameworks",
				);
				PRODUCT_BUNDLE_IDENTIFIER = "com.Calculator-ios";
				PRODUCT_NAME = "$(TARGET_NAME)";
				TARGETED_DEVICE_FAMILY = "1,2";
			};
			name = Release;
		};
/* End XCBuildConfiguration section */

/* Begin XCConfigurationList section */
		61E2A3EB237E6EBA004F277A /* Build configuration list for PBXProject "Calculator-ios" */ = {
			isa = XCConfigurationList;
			buildConfigurations = (
				61E2A407237E6EBD004F277A /* Debug */,
				61E2A408237E6EBD004F277A /* Release */,
			);
			defaultConfigurationIsVisible = 0;
			defaultConfigurationName = Release;
		};
		61E2A409237E6EBD004F277A /* Build configuration list for PBXNativeTarget "Calculator-ios" */ = {
			isa = XCConfigurationList;
			buildConfigurations = (
				61E2A40A237E6EBD004F277A /* Debug */,
				61E2A40B237E6EBD004F277A /* Release */,
			);
			defaultConfigurationIsVisible = 0;
			defaultConfigurationName = Release;
		};
/* End XCConfigurationList section */
	};
	rootObject = 61E2A3E8237E6EBA004F277A /* Project object */;
}
